
Microsoft Visual Studio Solution File, Format Version 11.00
# Visual Studio 2010
Project("{FAE04EC0-301F-11D3-BF4B-00C04F79EFBC}") = "DepartTP4_A12", "DepartTP4_A12\DepartTP4_A12.csproj", "{ED0F3952-87E3-42CD-A39E-5E4994F9872E}"
EndProject
Global
	GlobalSection(SolutionConfigurationPlatforms) = preSolution
		Debug|Any CPU = Debug|Any CPU
		Release|Any CPU = Release|Any CPU
	EndGlobalSection
	GlobalSection(ProjectConfigurationPlatforms) = postSolution
		{ED0F3952-87E3-42CD-A39E-5E4994F9872E}.Debug|Any CPU.ActiveCfg = Debug|Any CPU
		{ED0F3952-87E3-42CD-A39E-5E4994F9872E}.Debug|Any CPU.Build.0 = Debug|Any CPU
		{ED0F3952-87E3-42CD-A39E-5E4994F9872E}.Release|Any CPU.ActiveCfg = Release|Any CPU
		{ED0F3952-87E3-42CD-A39E-5E4994F9872E}.Release|Any CPU.Build.0 = Release|Any CPU
	EndGlobalSection
	GlobalSection(SolutionProperties) = preSolution
		HideSolutionNode = FALSE
	EndGlobalSection
EndGlobal
